<?xml version="1.0" encoding="utf-8"?>
<Project ToolsVersion="4.0" xmlns="http://schemas.microsoft.com/developer/msbuild/2003">
  <ItemGroup>
    <Filter Include="Source Files">
      <UniqueIdentifier>{4FC737F1-C7A5-4376-A066-2A32D752A2FF}</UniqueIdentifier>
      <Extensions>cpp;c;cc;cxx;c++;cppm;ixx;def;odl;idl;hpj;bat;asm;asmx</Extensions>
    </Filter>
    <Filter Include="Header Files">
      <UniqueIdentifier>{93995380-89BD-4b04-88EB-625FBE52EBFB}</UniqueIdentifier>
      <Extensions>h;hh;hpp;hxx;h++;hm;inl;inc;ipp;xsd</Extensions>
    </Filter>
    <Filter Include="Resource Files">
      <UniqueIdentifier>{67DA6AB6-F800-4c08-8B7A-83BB121AAD01}</UniqueIdentifier>
      <Extensions>rc;ico;cur;bmp;dlg;rc2;rct;bin;rgs;gif;jpg;jpeg;jpe;resx;tiff;tif;png;wav;mfcribbon-ms</Extensions>
    </Filter>
    <Filter Include="Source Files\core">
      <UniqueIdentifier>{1029067f-d742-4cad-a103-1d183b294ddc}</UniqueIdentifier>
    </Filter>
    <Filter Include="Source Files\thirdparty">
      <UniqueIdentifier>{c0b2fdf5-a83a-4416-b267-cc737c440b41}</UniqueIdentifier>
    </Filter>
    <Filter Include="Source Files\thirdparty\raylib">
      <UniqueIdentifier>{16359a8f-f2f1-4136-9c2c-4995e7123337}</UniqueIdentifier>
    </Filter>
    <Filter Include="Source Files\thirdparty\raygui">
      <UniqueIdentifier>{49ea93ad-d7f7-4ae6-a561-1bf477b6df75}</UniqueIdentifier>
    </Filter>
    <Filter Include="Source Files\thirdparty\imgui">
      <UniqueIdentifier>{d0a899ff-ead2-4e2f-824c-eacd2d3a1588}</UniqueIdentifier>
    </Filter>
    <Filter Include="Source Files\engine">
      <UniqueIdentifier>{c2ab4b47-ca56-4625-a802-57d0900c08a1}</UniqueIdentifier>
    </Filter>
    <Filter Include="Source Files\thirdparty\tinyxml">
      <UniqueIdentifier>{27db76b1-0525-4091-8188-90f61a13a204}</UniqueIdentifier>
    </Filter>
  </ItemGroup>
  <ItemGroup>
    <ClInclude Include="core\AudioDevice.h">
      <Filter>Source Files\core</Filter>
    </ClInclude>
    <ClInclude Include="core\AudioStream.h">
      <Filter>Source Files\core</Filter>
    </ClInclude>
    <ClInclude Include="core\AutomationEventList.h">
      <Filter>Source Files\core</Filter>
    </ClInclude>
    <ClInclude Include="core\Camera2D.h">
      <Filter>Source Files\core</Filter>
    </ClInclude>
    <ClInclude Include="core\Color.h">
      <Filter>Source Files\core</Filter>
    </ClInclude>
    <ClInclude Include="core\raylib_cpp.h">
      <Filter>Source Files\core</Filter>
    </ClInclude>
    <ClInclude Include="core\FileData.h">
      <Filter>Source Files\core</Filter>
    </ClInclude>
    <ClInclude Include="core\FileText.h">
      <Filter>Source Files\core</Filter>
    </ClInclude>
    <ClInclude Include="core\Font.h">
      <Filter>Source Files\core</Filter>
    </ClInclude>
    <ClInclude Include="core\Functions.h">
      <Filter>Source Files\core</Filter>
    </ClInclude>
    <ClInclude Include="core\Image.h">
      <Filter>Source Files\core</Filter>
    </ClInclude>
    <ClInclude Include="core\Keyboard.h">
      <Filter>Source Files\core</Filter>
    </ClInclude>
    <ClInclude Include="core\Matrix.h">
      <Filter>Source Files\core</Filter>
    </ClInclude>
    <ClInclude Include="core\Mouse.h">
      <Filter>Source Files\core</Filter>
    </ClInclude>
    <ClInclude Include="core\Music.h">
      <Filter>Source Files\core</Filter>
    </ClInclude>
    <ClInclude Include="core\Ray.h">
      <Filter>Source Files\core</Filter>
    </ClInclude>
    <ClInclude Include="core\RayCollision.h">
      <Filter>Source Files\core</Filter>
    </ClInclude>
    <ClInclude Include="core\raylib_cpp_utils.h">
      <Filter>Source Files\core</Filter>
    </ClInclude>
    <ClInclude Include="core\RaylibException.h">
      <Filter>Source Files\core</Filter>
    </ClInclude>
    <ClInclude Include="core\Rectangle.h">
      <Filter>Source Files\core</Filter>
    </ClInclude>
    <ClInclude Include="core\RenderTexture.h">
      <Filter>Source Files\core</Filter>
    </ClInclude>
    <ClInclude Include="core\Shader.h">
      <Filter>Source Files\core</Filter>
    </ClInclude>
    <ClInclude Include="core\ShaderUnmanaged.h">
      <Filter>Source Files\core</Filter>
    </ClInclude>
    <ClInclude Include="core\Sound.h">
      <Filter>Source Files\core</Filter>
    </ClInclude>
    <ClInclude Include="core\Text.h">
      <Filter>Source Files\core</Filter>
    </ClInclude>
    <ClInclude Include="core\Texture.h">
      <Filter>Source Files\core</Filter>
    </ClInclude>
    <ClInclude Include="core\TextureUnmanaged.h">
      <Filter>Source Files\core</Filter>
    </ClInclude>
    <ClInclude Include="core\Vector2.h">
      <Filter>Source Files\core</Filter>
    </ClInclude>
    <ClInclude Include="core\Vector3.h">
      <Filter>Source Files\core</Filter>
    </ClInclude>
    <ClInclude Include="core\Vector4.h">
      <Filter>Source Files\core</Filter>
    </ClInclude>
    <ClInclude Include="core\Wave.h">
      <Filter>Source Files\core</Filter>
    </ClInclude>
    <ClInclude Include="core\Window.h">
      <Filter>Source Files\core</Filter>
    </ClInclude>
    <ClInclude Include="thirdparty\raylib\include\raylib.h">
      <Filter>Source Files\thirdparty\raylib</Filter>
    </ClInclude>
    <ClInclude Include="thirdparty\raylib\include\raymath.h">
      <Filter>Source Files\thirdparty\raylib</Filter>
    </ClInclude>
    <ClInclude Include="thirdparty\raylib\include\rlgl.h">
      <Filter>Source Files\thirdparty\raylib</Filter>
    </ClInclude>
    <ClInclude Include="thirdparty\raygui\raygui.h">
      <Filter>Source Files\thirdparty\raygui</Filter>
    </ClInclude>
    <ClInclude Include="core\raylib_header.h">
      <Filter>Source Files\core</Filter>
    </ClInclude>
    <ClInclude Include="thirdparty\imgui\include\imconfig.h">
      <Filter>Source Files\thirdparty\imgui</Filter>
    </ClInclude>
    <ClInclude Include="thirdparty\imgui\include\imgui.h">
      <Filter>Source Files\thirdparty\imgui</Filter>
    </ClInclude>
    <ClInclude Include="thirdparty\imgui\include\imgui_impl_raylib.h">
      <Filter>Source Files\thirdparty\imgui</Filter>
    </ClInclude>
    <ClInclude Include="thirdparty\imgui\include\imgui_internal.h">
      <Filter>Source Files\thirdparty\imgui</Filter>
    </ClInclude>
    <ClInclude Include="thirdparty\imgui\include\imstb_rectpack.h">
      <Filter>Source Files\thirdparty\imgui</Filter>
    </ClInclude>
    <ClInclude Include="thirdparty\imgui\include\imstb_textedit.h">
      <Filter>Source Files\thirdparty\imgui</Filter>
    </ClInclude>
    <ClInclude Include="thirdparty\imgui\include\imstb_truetype.h">
      <Filter>Source Files\thirdparty\imgui</Filter>
    </ClInclude>
    <ClInclude Include="thirdparty\imgui\include\rlImGui.h">
      <Filter>Source Files\thirdparty\imgui</Filter>
    </ClInclude>
    <ClInclude Include="thirdparty\imgui\include\rlImGuiColors.h">
      <Filter>Source Files\thirdparty\imgui</Filter>
    </ClInclude>
    <ClInclude Include="core\Camera3D.h">
      <Filter>Source Files\core</Filter>
    </ClInclude>
    <ClInclude Include="core\GameLoop.h">
      <Filter>Source Files\engine</Filter>
    </ClInclude>
    <ClInclude Include="core\Singleton.h">
      <Filter>Source Files\core</Filter>
    </ClInclude>
    <ClInclude Include="core\Observer.h">
      <Filter>Source Files\core</Filter>
    </ClInclude>
    <ClInclude Include="core\Entity.h">
      <Filter>Source Files\engine</Filter>
    </ClInclude>
    <ClInclude Include="core\EntityManager.h">
      <Filter>Source Files\engine</Filter>
    </ClInclude>
    <ClInclude Include="thirdparty\tinyxml\tinyxml2.h">
      <Filter>Source Files\thirdparty\tinyxml</Filter>
    </ClInclude>
  </ItemGroup>
  <ItemGroup>
    <ClCompile Include="thirdparty\imgui\imgui_demo.cpp">
      <Filter>Source Files\thirdparty\imgui</Filter>
    </ClCompile>
    <ClCompile Include="thirdparty\imgui\imgui_draw.cpp">
      <Filter>Source Files\thirdparty\imgui</Filter>
    </ClCompile>
    <ClCompile Include="thirdparty\imgui\imgui_tables.cpp">
      <Filter>Source Files\thirdparty\imgui</Filter>
    </ClCompile>
    <ClCompile Include="thirdparty\imgui\imgui_widgets.cpp">
      <Filter>Source Files\thirdparty\imgui</Filter>
    </ClCompile>
    <ClCompile Include="thirdparty\imgui\rlImGui.cpp">
      <Filter>Source Files\thirdparty\imgui</Filter>
    </ClCompile>
    <ClCompile Include="thirdparty\imgui\imgui.cpp">
      <Filter>Source Files\thirdparty\imgui</Filter>
    </ClCompile>
    <ClCompile Include="thirdparty\tinyxml\tinyxml2.cpp">
      <Filter>Source Files\thirdparty\tinyxml</Filter>
    </ClCompile>
  </ItemGroup>
</Project>